<?xml version="1.0" encoding="utf-8"?>
<Project xmlns="http://schemas.microsoft.com/developer/msbuild/2003" ToolsVersion="4.0">
  <ItemGroup>
    <ClCompile Include="..\arm\arm_init.c">
      <Filter>arm</Filter>
    </ClCompile>
    <ClCompile Include="..\arm\filter_neon_intrinsics.c">
      <Filter>arm</Filter>
    </ClCompile>
    <ClCompile Include="..\arm\palette_neon_intrinsics.c">
      <Filter>arm</Filter>
    </ClCompile>
    <ClCompile Include="..\intel\filter_sse2_intrinsics.c">
      <Filter>intel</Filter>
    </ClCompile>
    <ClCompile Include="..\intel\intel_init.c">
      <Filter>intel</Filter>
    </ClCompile>
    <ClCompile Include="..\png.c" />
    <ClCompile Include="..\pngerror.c" />
    <ClCompile Include="..\pngget.c" />
    <ClCompile Include="..\pngmem.c" />
    <ClCompile Include="..\pngpread.c" />
    <ClCompile Include="..\pngread.c" />
    <ClCompile Include="..\pngrio.c" />
    <ClCompile Include="..\pngrtran.c" />
    <ClCompile Include="..\pngrutil.c" />
    <ClCompile Include="..\pngset.c" />
    <ClCompile Include="..\pngtrans.c" />
    <ClCompile Include="..\pngwio.c" />
    <ClCompile Include="..\pngwrite.c" />
    <ClCompile Include="..\pngwtran.c" />
    <ClCompile Include="..\pngwutil.c" />
  </ItemGroup>
  <ItemGroup>
    <ClInclude Include="..\png.h" />
    <ClInclude Include="..\pngconf.h" />
    <ClInclude Include="..\pngdebug.h" />
    <ClInclude Include="..\pnginfo.h" />
    <ClInclude Include="..\pnglibconf.h" />
    <ClInclude Include="..\pngpriv.h" />
    <ClInclude Include="..\pngstruct.h" />
  </ItemGroup>
  <ItemGroup>
    <Filter Include="arm">
      <UniqueIdentifier>{d04ae1c2-a271-4e64-bbc8-f7dd8f9cfe81}</UniqueIdentifier>
    </Filter>
    <Filter Include="intel">
      <UniqueIdentifier>{eebb67a4-5e3f-4d37-8a74-eded384fcdb1}</UniqueIdentifier>
    </Filter>
  </ItemGroup>
</Project>
